
Microsoft Visual Studio Solution File, Format Version 12.00
# Visual Studio Version 17
VisualStudioVersion = 17.7.34024.191
MinimumVisualStudioVersion = 10.0.40219.1
Project("{9A19103F-16F7-4668-BE54-9A1E7A4F7556}") = "UrlShorter", "UrlShorter.csproj", "{B83ECBE3-84A8-4584-8B18-450063BD95A4}"
EndProject
Global
	GlobalSection(SolutionConfigurationPlatforms) = preSolution
		Debug|Any CPU = Debug|Any CPU
		Release|Any CPU = Release|Any CPU
	EndGlobalSection
	GlobalSection(ProjectConfigurationPlatforms) = postSolution
		{B83ECBE3-84A8-4584-8B18-450063BD95A4}.Debug|Any CPU.ActiveCfg = Debug|Any CPU
		{B83ECBE3-84A8-4584-8B18-450063BD95A4}.Debug|Any CPU.Build.0 = Debug|Any CPU
		{B83ECBE3-84A8-4584-8B18-450063BD95A4}.Release|Any CPU.ActiveCfg = Release|Any CPU
		{B83ECBE3-84A8-4584-8B18-450063BD95A4}.Release|Any CPU.Build.0 = Release|Any CPU
	EndGlobalSection
	GlobalSection(SolutionProperties) = preSolution
		HideSolutionNode = FALSE
	EndGlobalSection
	GlobalSection(ExtensibilityGlobals) = postSolution
		SolutionGuid = {0BA7CB19-C1C8-465B-8AAD-9B1D6A620ECE}
	EndGlobalSection
EndGlobal
